// !$*UTF8*$!
{
	archiveVersion = 1;
	classes = {
	};
	objectVersion = 46;
	objects = {

/* Begin PBXBuildFile section */
		E188BE251F3A7C72004D0450 /* AppDelegate.swift in Sources */ = {isa = PBXBuildFile; fileRef = E188BE241F3A7C72004D0450 /* AppDelegate.swift */; };
		E188BE271F3A7C72004D0450 /* ViewController.swift in Sources */ = {isa = PBXBuildFile; fileRef = E188BE261F3A7C72004D0450 /* ViewController.swift */; };
		E188BE2A1F3A7C72004D0450 /* Main.storyboard in Resources */ = {isa = PBXBuildFile; fileRef = E188BE281F3A7C72004D0450 /* Main.storyboard */; };
		E188BE2C1F3A7C72004D0450 /* Assets.xcassets in Resources */ = {isa = PBXBuildFile; fileRef = E188BE2B1F3A7C72004D0450 /* Assets.xcassets */; };
		E188BE2F1F3A7C72004D0450 /* LaunchScreen.storyboard in Resources */ = {isa = PBXBuildFile; fileRef = E188BE2D1F3A7C72004D0450 /* LaunchScreen.storyboard */; };
/* End PBXBuildFile section */

/* Begin PBXFileReference section */
		E188BE211F3A7C72004D0450 /* LeetCodeSwift.app */ = {isa = PBXFileReference; explicitFileType = wrapper.application; includeInIndex = 0; path = LeetCodeSwift.app; sourceTree = BUILT_PRODUCTS_DIR; };
		E188BE241F3A7C72004D0450 /* AppDelegate.swift */ = {isa = PBXFileReference; lastKnownFileType = sourcecode.swift; path = AppDelegate.swift; sourceTree = "<group>"; };
		E188BE261F3A7C72004D0450 /* ViewController.swift */ = {isa = PBXFileReference; lastKnownFileType = sourcecode.swift; path = ViewController.swift; sourceTree = "<group>"; };
		E188BE291F3A7C72004D0450 /* Base */ = {isa = PBXFileReference; lastKnownFileType = file.storyboard; name = Base; path = Base.lproj/Main.storyboard; sourceTree = "<group>"; };
		E188BE2B1F3A7C72004D0450 /* Assets.xcassets */ = {isa = PBXFileReference; lastKnownFileType = folder.assetcatalog; path = Assets.xcassets; sourceTree = "<group>"; };
		E188BE2E1F3A7C72004D0450 /* Base */ = {isa = PBXFileReference; lastKnownFileType = file.storyboard; name = Base; path = Base.lproj/LaunchScreen.storyboard; sourceTree = "<group>"; };
		E188BE301F3A7C72004D0450 /* Info.plist */ = {isa = PBXFileReference; lastKnownFileType = text.plist.xml; path = Info.plist; sourceTree = "<group>"; };
/* End PBXFileReference section */

/* Begin PBXFrameworksBuildPhase section */
		E188BE1E1F3A7C72004D0450 /* Frameworks */ = {
			isa = PBXFrameworksBuildPhase;
			buildActionMask = 2147483647;
			files = (
			);
			runOnlyForDeploymentPostprocessing = 0;
		};
/* End PBXFrameworksBuildPhase section */

/* Begin PBXGroup section */
		E188BE181F3A7C72004D0450 = {
			isa = PBXGroup;
			children = (
				E188BE231F3A7C72004D0450 /* LeetCodeSwift */,
				E188BE221F3A7C72004D0450 /* Products */,
			);
			sourceTree = "<group>";
		};
		E188BE221F3A7C72004D0450 /* Products */ = {
			isa = PBXGroup;
			children = (
				E188BE211F3A7C72004D0450 /* LeetCodeSwift.app */,
			);
			name = Products;
			sourceTree = "<group>";
		};
		E188BE231F3A7C72004D0450 /* LeetCodeSwift */ = {
			isa = PBXGroup;
			children = (
				E188BE241F3A7C72004D0450 /* AppDelegate.swift */,
				E188BE261F3A7C72004D0450 /* ViewController.swift */,
				E188BE281F3A7C72004D0450 /* Main.storyboard */,
				E188BE2B1F3A7C72004D0450 /* Assets.xcassets */,
				E188BE2D1F3A7C72004D0450 /* LaunchScreen.storyboard */,
				E188BE301F3A7C72004D0450 /* Info.plist */,
			);
			path = LeetCodeSwift;
			sourceTree = "<group>";
		};
/* End PBXGroup section */

/* Begin PBXNativeTarget section */
		E188BE201F3A7C72004D0450 /* LeetCodeSwift */ = {
			isa = PBXNativeTarget;
			buildConfigurationList = E188BE331F3A7C72004D0450 /* Build configuration list for PBXNativeTarget "LeetCodeSwift" */;
			buildPhases = (
				E188BE1D1F3A7C72004D0450 /* Sources */,
				E188BE1E1F3A7C72004D0450 /* Frameworks */,
				E188BE1F1F3A7C72004D0450 /* Resources */,
			);
			buildRules = (
			);
			dependencies = (
			);
			name = LeetCodeSwift;
			productName = LeetCodeSwift;
			productReference = E188BE211F3A7C72004D0450 /* LeetCodeSwift.app */;
			productType = "com.apple.product-type.application";
		};
/* End PBXNativeTarget section */

/* Begin PBXProject section */
		E188BE191F3A7C72004D0450 /* Project object */ = {
			isa = PBXProject;
			attributes = {
				LastSwiftUpdateCheck = 0830;
				LastUpgradeCheck = 0830;
				ORGANIZATIONNAME = Mxz;
				TargetAttributes = {
					E188BE201F3A7C72004D0450 = {
						CreatedOnToolsVersion = 8.3.1;
						ProvisioningStyle = Automatic;
					};
				};
			};
			buildConfigurationList = E188BE1C1F3A7C72004D0450 /* Build configuration list for PBXProject "LeetCodeSwift" */;
			compatibilityVersion = "Xcode 3.2";
			developmentRegion = English;
			hasScannedForEncodings = 0;
			knownRegions = (
				en,
				Base,
			);
			mainGroup = E188BE181F3A7C72004D0450;
			productRefGroup = E188BE221F3A7C72004D0450 /* Products */;
			projectDirPath = "";
			projectRoot = "";
			targets = (
				E188BE201F3A7C72004D0450 /* LeetCodeSwift */,
			);
		};
/* End PBXProject section */

/* Begin PBXResourcesBuildPhase section */
		E188BE1F1F3A7C72004D0450 /* Resources */ = {
			isa = PBXResourcesBuildPhase;
			buildActionMask = 2147483647;
			files = (
				E188BE2F1F3A7C72004D0450 /* LaunchScreen.storyboard in Resources */,
				E188BE2C1F3A7C72004D0450 /* Assets.xcassets in Resources */,
				E188BE2A1F3A7C72004D0450 /* Main.storyboard in Resources */,
			);
			runOnlyForDeploymentPostprocessing = 0;
		};
/* End PBXResourcesBuildPhase section */

/* Begin PBXSourcesBuildPhase section */
		E188BE1D1F3A7C72004D0450 /* Sources */ = {
			isa = PBXSourcesBuildPhase;
			buildActionMask = 2147483647;
			files = (
				E188BE271F3A7C72004D0450 /* ViewController.swift in Sources */,
				E188BE251F3A7C72004D0450 /* AppDelegate.swift in Sources */,
			);
			runOnlyForDeploymentPostprocessing = 0;
		};
/* End PBXSourcesBuildPhase section */

/* Begin PBXVariantGroup section */
		E188BE281F3A7C72004D0450 /* Main.storyboard */ = {
			isa = PBXVariantGroup;
			children = (
				E188BE291F3A7C72004D0450 /* Base */,
			);
			name = Main.storyboard;
			sourceTree = "<group>";
		};
		E188BE2D1F3A7C72004D0450 /* LaunchScreen.storyboard */ = {
			isa = PBXVariantGroup;
			children = (
				E188BE2E1F3A7C72004D0450 /* Base */,
			);
			name = LaunchScreen.storyboard;
			sourceTree = "<group>";
		};
/* End PBXVariantGroup section */

/* Begin XCBuildConfiguration section */
		E188BE311F3A7C72004D0450 /* Debug */ = {
			isa = XCBuildConfiguration;
			buildSettings = {
				ALWAYS_SEARCH_USER_PATHS = NO;
				CLANG_ANALYZER_NONNULL = YES;
				CLANG_ANALYZER_NUMBER_OBJECT_CONVERSION = YES_AGGRESSIVE;
				CLANG_CXX_LANGUAGE_STANDARD = "gnu++0x";
				CLANG_CXX_LIBRARY = "libc++";
				CLANG_ENABLE_MODULES = YES;
				CLANG_ENABLE_OBJC_ARC = YES;
				CLANG_WARN_BOOL_CONVERSION = YES;
				CLANG_WARN_CONSTANT_CONVERSION = YES;
				CLANG_WARN_DIRECT_OBJC_ISA_USAGE = YES_ERROR;
				CLANG_WARN_DOCUMENTATION_COMMENTS = YES;
				CLANG_WARN_EMPTY_BODY = YES;
				CLANG_WARN_ENUM_CONVERSION = YES;
				CLANG_WARN_INFINITE_RECURSION = YES;
				CLANG_WARN_INT_CONVERSION = YES;
				CLANG_WARN_OBJC_ROOT_CLASS = YES_ERROR;
				CLANG_WARN_SUSPICIOUS_MOVE = YES;
				CLANG_WARN_UNREACHABLE_CODE = YES;
				CLANG_WARN__DUPLICATE_METHOD_MATCH = YES;
				"CODE_SIGN_IDENTITY[sdk=iphoneos*]" = "iPhone Developer";
				COPY_PHASE_STRIP = NO;
				DEBUG_INFORMATION_FORMAT = dwarf;
				ENABLE_STRICT_OBJC_MSGSEND = YES;
				ENABLE_TESTABILITY = YES;
				GCC_C_LANGUAGE_STANDARD = gnu99;
				GCC_DYNAMIC_NO_PIC = NO;
				GCC_NO_COMMON_BLOCKS = YES;
				GCC_OPTIMIZATION_LEVEL = 0;
				GCC_PREPROCESSOR_DEFINITIONS = (
					"DEBUG=1",
					"$(inherited)",
				);
				GCC_WARN_64_TO_32_BIT_CONVERSION = YES;
				GCC_WARN_ABOUT_RETURN_TYPE = YES_ERROR;
				GCC_WARN_UNDECLARED_SELECTOR = YES;
				GCC_WARN_UNINITIALIZED_AUTOS = YES_AGGRESSIVE;
				GCC_WARN_UNUSED_FUNCTION = YES;
				GCC_WARN_UNUSED_VARIABLE = YES;
				IPHONEOS_DEPLOYMENT_TARGET = 10.3;
				MTL_ENABLE_DEBUG_INFO = YES;
				ONLY_ACTIVE_ARCH = YES;
				SDKROOT = iphoneos;
				SWIFT_ACTIVE_COMPILATION_CONDITIONS = DEBUG;
				SWIFT_OPTIMIZATION_LEVEL = "-Onone";
			};
			name = Debug;
		};
		E188BE321F3A7C72004D0450 /* Release */ = {
			isa = XCBuildConfiguration;
			buildSettings = {
				ALWAYS_SEARCH_USER_PATHS = NO;
				CLANG_ANALYZER_NONNULL = YES;
				CLANG_ANALYZER_NUMBER_OBJECT_CONVERSION = YES_AGGRESSIVE;
				CLANG_CXX_LANGUAGE_STANDARD = "gnu++0x";
				CLANG_CXX_LIBRARY = "libc++";
				CLANG_ENABLE_MODULES = YES;
				CLANG_ENABLE_OBJC_ARC = YES;
				CLANG_WARN_BOOL_CONVERSION = YES;
				CLANG_WARN_CONSTANT_CONVERSION = YES;
				CLANG_WARN_DIRECT_OBJC_ISA_USAGE = YES_ERROR;
				CLANG_WARN_DOCUMENTATION_COMMENTS = YES;
				CLANG_WARN_EMPTY_BODY = YES;
				CLANG_WARN_ENUM_CONVERSION = YES;
				CLANG_WARN_INFINITE_RECURSION = YES;
				CLANG_WARN_INT_CONVERSION = YES;
				CLANG_WARN_OBJC_ROOT_CLASS = YES_ERROR;
				CLANG_WARN_SUSPICIOUS_MOVE = YES;
				CLANG_WARN_UNREACHABLE_CODE = YES;
				CLANG_WARN__DUPLICATE_METHOD_MATCH = YES;
				"CODE_SIGN_IDENTITY[sdk=iphoneos*]" = "iPhone Developer";
				COPY_PHASE_STRIP = NO;
				DEBUG_INFORMATION_FORMAT = "dwarf-with-dsym";
				ENABLE_NS_ASSERTIONS = NO;
				ENABLE_STRICT_OBJC_MSGSEND = YES;
				GCC_C_LANGUAGE_STANDARD = gnu99;
				GCC_NO_COMMON_BLOCKS = YES;
				GCC_WARN_64_TO_32_BIT_CONVERSION = YES;
				GCC_WARN_ABOUT_RETURN_TYPE = YES_ERROR;
				GCC_WARN_UNDECLARED_SELECTOR = YES;
				GCC_WARN_UNINITIALIZED_AUTOS = YES_AGGRESSIVE;
				GCC_WARN_UNUSED_FUNCTION = YES;
				GCC_WARN_UNUSED_VARIABLE = YES;
				IPHONEOS_DEPLOYMENT_TARGET = 10.3;
				MTL_ENABLE_DEBUG_INFO = NO;
				SDKROOT = iphoneos;
				SWIFT_OPTIMIZATION_LEVEL = "-Owholemodule";
				VALIDATE_PRODUCT = YES;
			};
			name = Release;
		};
		E188BE341F3A7C72004D0450 /* Debug */ = {
			isa = XCBuildConfiguration;
			buildSettings = {
				ASSETCATALOG_COMPILER_APPICON_NAME = AppIcon;
				INFOPLIST_FILE = LeetCodeSwift/Info.plist;
				LD_RUNPATH_SEARCH_PATHS = "$(inherited) @executable_path/Frameworks";
				PRODUCT_BUNDLE_IDENTIFIER = com.mxz.LeetCodeSwift;
				PRODUCT_NAME = "$(TARGET_NAME)";
				SWIFT_VERSION = 3.0;
			};
			name = Debug;
		};
		E188BE351F3A7C72004D0450 /* Release */ = {
			isa = XCBuildConfiguration;
			buildSettings = {
				ASSETCATALOG_COMPILER_APPICON_NAME = AppIcon;
				INFOPLIST_FILE = LeetCodeSwift/Info.plist;
				LD_RUNPATH_SEARCH_PATHS = "$(inherited) @executable_path/Frameworks";
				PRODUCT_BUNDLE_IDENTIFIER = com.mxz.LeetCodeSwift;
				PRODUCT_NAME = "$(TARGET_NAME)";
				SWIFT_VERSION = 3.0;
			};
			name = Release;
		};
/* End XCBuildConfiguration section */

/* Begin XCConfigurationList section */
		E188BE1C1F3A7C72004D0450 /* Build configuration list for PBXProject "LeetCodeSwift" */ = {
			isa = XCConfigurationList;
			buildConfigurations = (
				E188BE311F3A7C72004D0450 /* Debug */,
				E188BE321F3A7C72004D0450 /* Release */,
			);
			defaultConfigurationIsVisible = 0;
			defaultConfigurationName = Release;
		};
		E188BE331F3A7C72004D0450 /* Build configuration list for PBXNativeTarget "LeetCodeSwift" */ = {
			isa = XCConfigurationList;
			buildConfigurations = (
				E188BE341F3A7C72004D0450 /* Debug */,
				E188BE351F3A7C72004D0450 /* Release */,
			);
			defaultConfigurationIsVisible = 0;
		};
/* End XCConfigurationList section */
	};
	rootObject = E188BE191F3A7C72004D0450 /* Project object */;
}
