// !$*UTF8*$!
{
	archiveVersion = 1;
	classes = {
	};
	objectVersion = 46;
	objects = {

/* Begin PBXBuildFile section */
		4859A21621246CF50028300D /* FindMedianSortedArrays.c in Sources */ = {isa = PBXBuildFile; fileRef = 4859A21521246CF50028300D /* FindMedianSortedArrays.c */; };
		4859A2192125C0030028300D /* IsMatch.c in Sources */ = {isa = PBXBuildFile; fileRef = 4859A2182125C0030028300D /* IsMatch.c */; };
		4859A21C2125CAB70028300D /* base64.c in Sources */ = {isa = PBXBuildFile; fileRef = 4859A21B2125CAB70028300D /* base64.c */; };
		82BCA8762121127A00F0E794 /* IsSameTree.c in Sources */ = {isa = PBXBuildFile; fileRef = 82BCA8752121127A00F0E794 /* IsSameTree.c */; };
		82BCA90B2123B67D00F0E794 /* removeNthFromEnd.c in Sources */ = {isa = PBXBuildFile; fileRef = 82BCA90A2123B67D00F0E794 /* removeNthFromEnd.c */; };
		E11B3FBD207C51420084D2F4 /* README.md in Resources */ = {isa = PBXBuildFile; fileRef = E11B3FBC207C51420084D2F4 /* README.md */; };
		E13553EA206D4042009C7EFA /* RemoveDuplicates.c in Sources */ = {isa = PBXBuildFile; fileRef = E13553E8206D4042009C7EFA /* RemoveDuplicates.c */; };
		E141994E1F542FD200136735 /* LongestCommonPrefix.c in Sources */ = {isa = PBXBuildFile; fileRef = E141994C1F542FD200136735 /* LongestCommonPrefix.c */; };
		E170E2FC206DCDF10062758F /* MyStrStr.c in Sources */ = {isa = PBXBuildFile; fileRef = E170E2FA206DCDF10062758F /* MyStrStr.c */; };
		E170E2FF206DD5000062758F /* SearchInsert.c in Sources */ = {isa = PBXBuildFile; fileRef = E170E2FD206DD5000062758F /* SearchInsert.c */; };
		E188BE031F3A7C25004D0450 /* main.m in Sources */ = {isa = PBXBuildFile; fileRef = E188BE021F3A7C25004D0450 /* main.m */; };
		E188BE061F3A7C25004D0450 /* AppDelegate.m in Sources */ = {isa = PBXBuildFile; fileRef = E188BE051F3A7C25004D0450 /* AppDelegate.m */; };
		E188BE091F3A7C25004D0450 /* ViewController.m in Sources */ = {isa = PBXBuildFile; fileRef = E188BE081F3A7C25004D0450 /* ViewController.m */; };
		E188BE0C1F3A7C25004D0450 /* Main.storyboard in Resources */ = {isa = PBXBuildFile; fileRef = E188BE0A1F3A7C25004D0450 /* Main.storyboard */; };
		E188BE0E1F3A7C25004D0450 /* Assets.xcassets in Resources */ = {isa = PBXBuildFile; fileRef = E188BE0D1F3A7C25004D0450 /* Assets.xcassets */; };
		E188BE111F3A7C25004D0450 /* LaunchScreen.storyboard in Resources */ = {isa = PBXBuildFile; fileRef = E188BE0F1F3A7C25004D0450 /* LaunchScreen.storyboard */; };
		E188BE3E1F3BF8D6004D0450 /* MxFunctionList.m in Sources */ = {isa = PBXBuildFile; fileRef = E188BE3D1F3BF8D6004D0450 /* MxFunctionList.m */; };
		E188BE521F3C161C004D0450 /* StringToInteger.c in Sources */ = {isa = PBXBuildFile; fileRef = E188BE4F1F3C161C004D0450 /* StringToInteger.c */; };
		E188BE551F3C162D004D0450 /* AddTwoNumbers.c in Sources */ = {isa = PBXBuildFile; fileRef = E188BE531F3C162D004D0450 /* AddTwoNumbers.c */; };
		E188BE581F3C4A24004D0450 /* WithoutRepeatingCharacters.c in Sources */ = {isa = PBXBuildFile; fileRef = E188BE561F3C4A24004D0450 /* WithoutRepeatingCharacters.c */; };
		E188BE5B1F3C5EBA004D0450 /* LongestPalindromicSubstring.c in Sources */ = {isa = PBXBuildFile; fileRef = E188BE591F3C5EBA004D0450 /* LongestPalindromicSubstring.c */; };
		E188BE5E1F3C7F9D004D0450 /* ReverseInteger.c in Sources */ = {isa = PBXBuildFile; fileRef = E188BE5C1F3C7F9D004D0450 /* ReverseInteger.c */; };
		E188BE611F3CAA9F004D0450 /* PalindromeNumber.c in Sources */ = {isa = PBXBuildFile; fileRef = E188BE5F1F3CAA9F004D0450 /* PalindromeNumber.c */; };
		E188BE641F3CB83D004D0450 /* MostWater.c in Sources */ = {isa = PBXBuildFile; fileRef = E188BE621F3CB83D004D0450 /* MostWater.c */; };
		E188BE6C1F3DA61D004D0450 /* IntegerToRoman.c in Sources */ = {isa = PBXBuildFile; fileRef = E188BE6A1F3DA61D004D0450 /* IntegerToRoman.c */; };
		E188BE6F1F3DAAC5004D0450 /* RomanToInteger.c in Sources */ = {isa = PBXBuildFile; fileRef = E188BE6D1F3DAAC5004D0450 /* RomanToInteger.c */; };
		E188BE961F4922F6004D0450 /* MergeTwoSortedLists.c in Sources */ = {isa = PBXBuildFile; fileRef = E188BE941F4922F6004D0450 /* MergeTwoSortedLists.c */; };
		E194D8BD206DA25A00B43467 /* RemoveElement.c in Sources */ = {isa = PBXBuildFile; fileRef = E194D8BB206DA25A00B43467 /* RemoveElement.c */; };
		E1C6B8FE20767CC3005B2B1A /* MaxSubArray.c in Sources */ = {isa = PBXBuildFile; fileRef = E1C6B8FD20767CC3005B2B1A /* MaxSubArray.c */; };
		E1CC72C81F4AC58A002FB390 /* ValidParentheses.c in Sources */ = {isa = PBXBuildFile; fileRef = E1CC72C61F4AC58A002FB390 /* ValidParentheses.c */; };
		E1CC72CB1F4AD47D002FB390 /* MxCommon.c in Sources */ = {isa = PBXBuildFile; fileRef = E1CC72C91F4AD47D002FB390 /* MxCommon.c */; };
		E1E62EBE211C99240027B7CD /* DeleteDuplicates.c in Sources */ = {isa = PBXBuildFile; fileRef = E1E62EBC211C99240027B7CD /* DeleteDuplicates.c */; };
		E1E62EC1211C9C840027B7CD /* MergeSortedArray.c in Sources */ = {isa = PBXBuildFile; fileRef = E1E62EBF211C9C840027B7CD /* MergeSortedArray.c */; };
		E1F17F792079AE46003C69D6 /* LengthOfLastWord.c in Sources */ = {isa = PBXBuildFile; fileRef = E1F17F782079AE46003C69D6 /* LengthOfLastWord.c */; };
		E1F17F862079BBEE003C69D6 /* PlusOne.c in Sources */ = {isa = PBXBuildFile; fileRef = E1F17F852079BBEE003C69D6 /* PlusOne.c */; };
		E1F17F92207B0156003C69D6 /* AddBinary.c in Sources */ = {isa = PBXBuildFile; fileRef = E1F17F91207B0156003C69D6 /* AddBinary.c */; };
/* End PBXBuildFile section */

/* Begin PBXFileReference section */
		4859A21421246CF50028300D /* FindMedianSortedArrays.h */ = {isa = PBXFileReference; lastKnownFileType = sourcecode.c.h; path = FindMedianSortedArrays.h; sourceTree = "<group>"; };
		4859A21521246CF50028300D /* FindMedianSortedArrays.c */ = {isa = PBXFileReference; lastKnownFileType = sourcecode.c.c; path = FindMedianSortedArrays.c; sourceTree = "<group>"; };
		4859A2172125C0030028300D /* IsMatch.h */ = {isa = PBXFileReference; lastKnownFileType = sourcecode.c.h; path = IsMatch.h; sourceTree = "<group>"; };
		4859A2182125C0030028300D /* IsMatch.c */ = {isa = PBXFileReference; lastKnownFileType = sourcecode.c.c; path = IsMatch.c; sourceTree = "<group>"; };
		4859A21A2125CAB70028300D /* base64.h */ = {isa = PBXFileReference; lastKnownFileType = sourcecode.c.h; path = base64.h; sourceTree = "<group>"; };
		4859A21B2125CAB70028300D /* base64.c */ = {isa = PBXFileReference; lastKnownFileType = sourcecode.c.c; path = base64.c; sourceTree = "<group>"; };
		82BCA8742121127A00F0E794 /* IsSameTree.h */ = {isa = PBXFileReference; lastKnownFileType = sourcecode.c.h; path = IsSameTree.h; sourceTree = "<group>"; };
		82BCA8752121127A00F0E794 /* IsSameTree.c */ = {isa = PBXFileReference; lastKnownFileType = sourcecode.c.c; path = IsSameTree.c; sourceTree = "<group>"; };
		82BCA9092123B67D00F0E794 /* removeNthFromEnd.h */ = {isa = PBXFileReference; lastKnownFileType = sourcecode.c.h; path = removeNthFromEnd.h; sourceTree = "<group>"; };
		82BCA90A2123B67D00F0E794 /* removeNthFromEnd.c */ = {isa = PBXFileReference; lastKnownFileType = sourcecode.c.c; path = removeNthFromEnd.c; sourceTree = "<group>"; };
		82BCA90C2123B91A00F0E794 /* MxHeaders.h */ = {isa = PBXFileReference; lastKnownFileType = sourcecode.c.h; path = MxHeaders.h; sourceTree = "<group>"; };
		E11B3FBC207C51420084D2F4 /* README.md */ = {isa = PBXFileReference; fileEncoding = 4; lastKnownFileType = net.daringfireball.markdown; name = README.md; path = ../../README.md; sourceTree = "<group>"; };
		E13553E8206D4042009C7EFA /* RemoveDuplicates.c */ = {isa = PBXFileReference; lastKnownFileType = sourcecode.c.c; path = RemoveDuplicates.c; sourceTree = "<group>"; };
		E13553E9206D4042009C7EFA /* RemoveDuplicates.h */ = {isa = PBXFileReference; lastKnownFileType = sourcecode.c.h; path = RemoveDuplicates.h; sourceTree = "<group>"; };
		E141994C1F542FD200136735 /* LongestCommonPrefix.c */ = {isa = PBXFileReference; fileEncoding = 4; lastKnownFileType = sourcecode.c.c; path = LongestCommonPrefix.c; sourceTree = "<group>"; };
		E141994D1F542FD200136735 /* LongestCommonPrefix.h */ = {isa = PBXFileReference; fileEncoding = 4; lastKnownFileType = sourcecode.c.h; path = LongestCommonPrefix.h; sourceTree = "<group>"; };
		E170E2FA206DCDF10062758F /* MyStrStr.c */ = {isa = PBXFileReference; lastKnownFileType = sourcecode.c.c; path = MyStrStr.c; sourceTree = "<group>"; };
		E170E2FB206DCDF10062758F /* MyStrStr.h */ = {isa = PBXFileReference; lastKnownFileType = sourcecode.c.h; path = MyStrStr.h; sourceTree = "<group>"; };
		E170E2FD206DD5000062758F /* SearchInsert.c */ = {isa = PBXFileReference; lastKnownFileType = sourcecode.c.c; path = SearchInsert.c; sourceTree = "<group>"; };
		E170E2FE206DD5000062758F /* SearchInsert.h */ = {isa = PBXFileReference; lastKnownFileType = sourcecode.c.h; path = SearchInsert.h; sourceTree = "<group>"; };
		E188BDFE1F3A7C25004D0450 /* LeetCode.app */ = {isa = PBXFileReference; explicitFileType = wrapper.application; includeInIndex = 0; path = LeetCode.app; sourceTree = BUILT_PRODUCTS_DIR; };
		E188BE021F3A7C25004D0450 /* main.m */ = {isa = PBXFileReference; lastKnownFileType = sourcecode.c.objc; path = main.m; sourceTree = "<group>"; };
		E188BE041F3A7C25004D0450 /* AppDelegate.h */ = {isa = PBXFileReference; lastKnownFileType = sourcecode.c.h; path = AppDelegate.h; sourceTree = "<group>"; };
		E188BE051F3A7C25004D0450 /* AppDelegate.m */ = {isa = PBXFileReference; lastKnownFileType = sourcecode.c.objc; path = AppDelegate.m; sourceTree = "<group>"; };
		E188BE071F3A7C25004D0450 /* ViewController.h */ = {isa = PBXFileReference; lastKnownFileType = sourcecode.c.h; path = ViewController.h; sourceTree = "<group>"; };
		E188BE081F3A7C25004D0450 /* ViewController.m */ = {isa = PBXFileReference; lastKnownFileType = sourcecode.c.objc; path = ViewController.m; sourceTree = "<group>"; };
		E188BE0B1F3A7C25004D0450 /* Base */ = {isa = PBXFileReference; lastKnownFileType = file.storyboard; name = Base; path = Base.lproj/Main.storyboard; sourceTree = "<group>"; };
		E188BE0D1F3A7C25004D0450 /* Assets.xcassets */ = {isa = PBXFileReference; lastKnownFileType = folder.assetcatalog; path = Assets.xcassets; sourceTree = "<group>"; };
		E188BE101F3A7C25004D0450 /* Base */ = {isa = PBXFileReference; lastKnownFileType = file.storyboard; name = Base; path = Base.lproj/LaunchScreen.storyboard; sourceTree = "<group>"; };
		E188BE121F3A7C25004D0450 /* Info.plist */ = {isa = PBXFileReference; lastKnownFileType = text.plist.xml; path = Info.plist; sourceTree = "<group>"; };
		E188BE3C1F3BF8D6004D0450 /* MxFunctionList.h */ = {isa = PBXFileReference; fileEncoding = 4; lastKnownFileType = sourcecode.c.h; path = MxFunctionList.h; sourceTree = "<group>"; };
		E188BE3D1F3BF8D6004D0450 /* MxFunctionList.m */ = {isa = PBXFileReference; fileEncoding = 4; lastKnownFileType = sourcecode.c.objc; path = MxFunctionList.m; sourceTree = "<group>"; };
		E188BE4F1F3C161C004D0450 /* StringToInteger.c */ = {isa = PBXFileReference; fileEncoding = 4; lastKnownFileType = sourcecode.c.c; path = StringToInteger.c; sourceTree = "<group>"; };
		E188BE501F3C161C004D0450 /* StringToInteger.h */ = {isa = PBXFileReference; fileEncoding = 4; lastKnownFileType = sourcecode.c.h; path = StringToInteger.h; sourceTree = "<group>"; };
		E188BE531F3C162D004D0450 /* AddTwoNumbers.c */ = {isa = PBXFileReference; fileEncoding = 4; lastKnownFileType = sourcecode.c.c; path = AddTwoNumbers.c; sourceTree = "<group>"; };
		E188BE541F3C162D004D0450 /* AddTwoNumbers.h */ = {isa = PBXFileReference; fileEncoding = 4; lastKnownFileType = sourcecode.c.h; path = AddTwoNumbers.h; sourceTree = "<group>"; };
		E188BE561F3C4A24004D0450 /* WithoutRepeatingCharacters.c */ = {isa = PBXFileReference; fileEncoding = 4; lastKnownFileType = sourcecode.c.c; path = WithoutRepeatingCharacters.c; sourceTree = "<group>"; };
		E188BE571F3C4A24004D0450 /* WithoutRepeatingCharacters.h */ = {isa = PBXFileReference; fileEncoding = 4; lastKnownFileType = sourcecode.c.h; path = WithoutRepeatingCharacters.h; sourceTree = "<group>"; };
		E188BE591F3C5EBA004D0450 /* LongestPalindromicSubstring.c */ = {isa = PBXFileReference; fileEncoding = 4; lastKnownFileType = sourcecode.c.c; path = LongestPalindromicSubstring.c; sourceTree = "<group>"; };
		E188BE5A1F3C5EBA004D0450 /* LongestPalindromicSubstring.h */ = {isa = PBXFileReference; fileEncoding = 4; lastKnownFileType = sourcecode.c.h; path = LongestPalindromicSubstring.h; sourceTree = "<group>"; };
		E188BE5C1F3C7F9D004D0450 /* ReverseInteger.c */ = {isa = PBXFileReference; fileEncoding = 4; lastKnownFileType = sourcecode.c.c; path = ReverseInteger.c; sourceTree = "<group>"; };
		E188BE5D1F3C7F9D004D0450 /* ReverseInteger.h */ = {isa = PBXFileReference; fileEncoding = 4; lastKnownFileType = sourcecode.c.h; path = ReverseInteger.h; sourceTree = "<group>"; };
		E188BE5F1F3CAA9F004D0450 /* PalindromeNumber.c */ = {isa = PBXFileReference; fileEncoding = 4; lastKnownFileType = sourcecode.c.c; path = PalindromeNumber.c; sourceTree = "<group>"; };
		E188BE601F3CAA9F004D0450 /* PalindromeNumber.h */ = {isa = PBXFileReference; fileEncoding = 4; lastKnownFileType = sourcecode.c.h; path = PalindromeNumber.h; sourceTree = "<group>"; };
		E188BE621F3CB83D004D0450 /* MostWater.c */ = {isa = PBXFileReference; fileEncoding = 4; lastKnownFileType = sourcecode.c.c; path = MostWater.c; sourceTree = "<group>"; };
		E188BE631F3CB83D004D0450 /* MostWater.h */ = {isa = PBXFileReference; fileEncoding = 4; lastKnownFileType = sourcecode.c.h; path = MostWater.h; sourceTree = "<group>"; };
		E188BE6A1F3DA61D004D0450 /* IntegerToRoman.c */ = {isa = PBXFileReference; fileEncoding = 4; lastKnownFileType = sourcecode.c.c; path = IntegerToRoman.c; sourceTree = "<group>"; };
		E188BE6B1F3DA61D004D0450 /* IntegerToRoman.h */ = {isa = PBXFileReference; fileEncoding = 4; lastKnownFileType = sourcecode.c.h; path = IntegerToRoman.h; sourceTree = "<group>"; };
		E188BE6D1F3DAAC5004D0450 /* RomanToInteger.c */ = {isa = PBXFileReference; fileEncoding = 4; lastKnownFileType = sourcecode.c.c; path = RomanToInteger.c; sourceTree = "<group>"; };
		E188BE6E1F3DAAC5004D0450 /* RomanToInteger.h */ = {isa = PBXFileReference; fileEncoding = 4; lastKnownFileType = sourcecode.c.h; path = RomanToInteger.h; sourceTree = "<group>"; };
		E188BE941F4922F6004D0450 /* MergeTwoSortedLists.c */ = {isa = PBXFileReference; fileEncoding = 4; lastKnownFileType = sourcecode.c.c; path = MergeTwoSortedLists.c; sourceTree = "<group>"; };
		E188BE951F4922F6004D0450 /* MergeTwoSortedLists.h */ = {isa = PBXFileReference; fileEncoding = 4; lastKnownFileType = sourcecode.c.h; path = MergeTwoSortedLists.h; sourceTree = "<group>"; };
		E194D8BB206DA25A00B43467 /* RemoveElement.c */ = {isa = PBXFileReference; lastKnownFileType = sourcecode.c.c; path = RemoveElement.c; sourceTree = "<group>"; };
		E194D8BC206DA25A00B43467 /* RemoveElement.h */ = {isa = PBXFileReference; lastKnownFileType = sourcecode.c.h; path = RemoveElement.h; sourceTree = "<group>"; };
		E1C6B8FC20767CC3005B2B1A /* MaxSubArray.h */ = {isa = PBXFileReference; lastKnownFileType = sourcecode.c.h; path = MaxSubArray.h; sourceTree = "<group>"; };
		E1C6B8FD20767CC3005B2B1A /* MaxSubArray.c */ = {isa = PBXFileReference; lastKnownFileType = sourcecode.c.c; path = MaxSubArray.c; sourceTree = "<group>"; };
		E1CC72C61F4AC58A002FB390 /* ValidParentheses.c */ = {isa = PBXFileReference; fileEncoding = 4; lastKnownFileType = sourcecode.c.c; path = ValidParentheses.c; sourceTree = "<group>"; };
		E1CC72C71F4AC58A002FB390 /* ValidParentheses.h */ = {isa = PBXFileReference; fileEncoding = 4; lastKnownFileType = sourcecode.c.h; path = ValidParentheses.h; sourceTree = "<group>"; };
		E1CC72C91F4AD47D002FB390 /* MxCommon.c */ = {isa = PBXFileReference; fileEncoding = 4; lastKnownFileType = sourcecode.c.c; path = MxCommon.c; sourceTree = "<group>"; };
		E1CC72CA1F4AD47D002FB390 /* MxCommon.h */ = {isa = PBXFileReference; fileEncoding = 4; lastKnownFileType = sourcecode.c.h; path = MxCommon.h; sourceTree = "<group>"; };
		E1E62EBC211C99240027B7CD /* DeleteDuplicates.c */ = {isa = PBXFileReference; lastKnownFileType = sourcecode.c.c; path = DeleteDuplicates.c; sourceTree = "<group>"; };
		E1E62EBD211C99240027B7CD /* DeleteDuplicates.h */ = {isa = PBXFileReference; lastKnownFileType = sourcecode.c.h; path = DeleteDuplicates.h; sourceTree = "<group>"; };
		E1E62EBF211C9C840027B7CD /* MergeSortedArray.c */ = {isa = PBXFileReference; lastKnownFileType = sourcecode.c.c; path = MergeSortedArray.c; sourceTree = "<group>"; };
		E1E62EC0211C9C840027B7CD /* MergeSortedArray.h */ = {isa = PBXFileReference; lastKnownFileType = sourcecode.c.h; path = MergeSortedArray.h; sourceTree = "<group>"; };
		E1F17F772079AE46003C69D6 /* LengthOfLastWord.h */ = {isa = PBXFileReference; lastKnownFileType = sourcecode.c.h; path = LengthOfLastWord.h; sourceTree = "<group>"; };
		E1F17F782079AE46003C69D6 /* LengthOfLastWord.c */ = {isa = PBXFileReference; lastKnownFileType = sourcecode.c.c; path = LengthOfLastWord.c; sourceTree = "<group>"; };
		E1F17F842079BBEE003C69D6 /* PlusOne.h */ = {isa = PBXFileReference; lastKnownFileType = sourcecode.c.h; path = PlusOne.h; sourceTree = "<group>"; };
		E1F17F852079BBEE003C69D6 /* PlusOne.c */ = {isa = PBXFileReference; lastKnownFileType = sourcecode.c.c; path = PlusOne.c; sourceTree = "<group>"; };
		E1F17F90207B0156003C69D6 /* AddBinary.h */ = {isa = PBXFileReference; lastKnownFileType = sourcecode.c.h; path = AddBinary.h; sourceTree = "<group>"; };
		E1F17F91207B0156003C69D6 /* AddBinary.c */ = {isa = PBXFileReference; lastKnownFileType = sourcecode.c.c; path = AddBinary.c; sourceTree = "<group>"; };
/* End PBXFileReference section */

/* Begin PBXFrameworksBuildPhase section */
		E188BDFB1F3A7C25004D0450 /* Frameworks */ = {
			isa = PBXFrameworksBuildPhase;
			buildActionMask = 2147483647;
			files = (
			);
			runOnlyForDeploymentPostprocessing = 0;
		};
/* End PBXFrameworksBuildPhase section */

/* Begin PBXGroup section */
		82BCA8732121124E00F0E794 /* 91-100 */ = {
			isa = PBXGroup;
			children = (
				82BCA8742121127A00F0E794 /* IsSameTree.h */,
				82BCA8752121127A00F0E794 /* IsSameTree.c */,
			);
			path = "91-100";
			sourceTree = "<group>";
		};
		E188BDF51F3A7C25004D0450 = {
			isa = PBXGroup;
			children = (
				E188BE001F3A7C25004D0450 /* LeetCode */,
				E188BDFF1F3A7C25004D0450 /* Products */,
			);
			sourceTree = "<group>";
		};
		E188BDFF1F3A7C25004D0450 /* Products */ = {
			isa = PBXGroup;
			children = (
				E188BDFE1F3A7C25004D0450 /* LeetCode.app */,
			);
			name = Products;
			sourceTree = "<group>";
		};
		E188BE001F3A7C25004D0450 /* LeetCode */ = {
			isa = PBXGroup;
			children = (
				E11B3FBC207C51420084D2F4 /* README.md */,
				E188BE4C1F3C161C004D0450 /* Scheme */,
				E188BE3C1F3BF8D6004D0450 /* MxFunctionList.h */,
				E188BE3D1F3BF8D6004D0450 /* MxFunctionList.m */,
				E188BE041F3A7C25004D0450 /* AppDelegate.h */,
				E188BE051F3A7C25004D0450 /* AppDelegate.m */,
				E188BE071F3A7C25004D0450 /* ViewController.h */,
				E188BE081F3A7C25004D0450 /* ViewController.m */,
				E188BE0A1F3A7C25004D0450 /* Main.storyboard */,
				E188BE0D1F3A7C25004D0450 /* Assets.xcassets */,
				E188BE0F1F3A7C25004D0450 /* LaunchScreen.storyboard */,
				E188BE121F3A7C25004D0450 /* Info.plist */,
				E188BE011F3A7C25004D0450 /* Supporting Files */,
				4859A21A2125CAB70028300D /* base64.h */,
				4859A21B2125CAB70028300D /* base64.c */,
			);
			path = LeetCode;
			sourceTree = "<group>";
		};
		E188BE011F3A7C25004D0450 /* Supporting Files */ = {
			isa = PBXGroup;
			children = (
				E188BE021F3A7C25004D0450 /* main.m */,
			);
			name = "Supporting Files";
			sourceTree = "<group>";
		};
		E188BE4C1F3C161C004D0450 /* Scheme */ = {
			isa = PBXGroup;
			children = (
				82BCA90C2123B91A00F0E794 /* MxHeaders.h */,
				E1CC72C91F4AD47D002FB390 /* MxCommon.c */,
				E1CC72CA1F4AD47D002FB390 /* MxCommon.h */,
				82BCA8732121124E00F0E794 /* 91-100 */,
				E1E62EBB211C99000027B7CD /* 81-90 */,
				E1F17F812079B9B0003C69D6 /* 71-80 */,
				E1F17F802079B9A9003C69D6 /* 61-70 */,
				E1F17F7F2079B9A3003C69D6 /* 51-60 */,
				E1F17F7E2079B99A003C69D6 /* 41-50 */,
				E1F17F7D2079B987003C69D6 /* 31-40 */,
				E1F17F7C2079B97D003C69D6 /* 21-30 */,
				E1F17F7B2079B975003C69D6 /* 11-20 */,
				E1F17F7A2079B96E003C69D6 /* 1-10 */,
			);
			path = Scheme;
			sourceTree = "<group>";
		};
		E1E62EBB211C99000027B7CD /* 81-90 */ = {
			isa = PBXGroup;
			children = (
				E1E62EBC211C99240027B7CD /* DeleteDuplicates.c */,
				E1E62EBD211C99240027B7CD /* DeleteDuplicates.h */,
				E1E62EBF211C9C840027B7CD /* MergeSortedArray.c */,
				E1E62EC0211C9C840027B7CD /* MergeSortedArray.h */,
			);
			path = "81-90";
			sourceTree = "<group>";
		};
		E1F17F7A2079B96E003C69D6 /* 1-10 */ = {
			isa = PBXGroup;
			children = (
				E188BE531F3C162D004D0450 /* AddTwoNumbers.c */,
				E188BE541F3C162D004D0450 /* AddTwoNumbers.h */,
				E188BE561F3C4A24004D0450 /* WithoutRepeatingCharacters.c */,
				E188BE571F3C4A24004D0450 /* WithoutRepeatingCharacters.h */,
				E188BE591F3C5EBA004D0450 /* LongestPalindromicSubstring.c */,
				E188BE5A1F3C5EBA004D0450 /* LongestPalindromicSubstring.h */,
				E188BE5C1F3C7F9D004D0450 /* ReverseInteger.c */,
				E188BE5D1F3C7F9D004D0450 /* ReverseInteger.h */,
				E188BE4F1F3C161C004D0450 /* StringToInteger.c */,
				E188BE501F3C161C004D0450 /* StringToInteger.h */,
				E188BE5F1F3CAA9F004D0450 /* PalindromeNumber.c */,
				E188BE601F3CAA9F004D0450 /* PalindromeNumber.h */,
				4859A21421246CF50028300D /* FindMedianSortedArrays.h */,
				4859A21521246CF50028300D /* FindMedianSortedArrays.c */,
				4859A2172125C0030028300D /* IsMatch.h */,
				4859A2182125C0030028300D /* IsMatch.c */,
			);
			path = "1-10";
			sourceTree = "<group>";
		};
		E1F17F7B2079B975003C69D6 /* 11-20 */ = {
			isa = PBXGroup;
			children = (
				E188BE621F3CB83D004D0450 /* MostWater.c */,
				E188BE631F3CB83D004D0450 /* MostWater.h */,
				E188BE6A1F3DA61D004D0450 /* IntegerToRoman.c */,
				E188BE6B1F3DA61D004D0450 /* IntegerToRoman.h */,
				E188BE6D1F3DAAC5004D0450 /* RomanToInteger.c */,
				E188BE6E1F3DAAC5004D0450 /* RomanToInteger.h */,
				E141994C1F542FD200136735 /* LongestCommonPrefix.c */,
				E141994D1F542FD200136735 /* LongestCommonPrefix.h */,
				E1CC72C61F4AC58A002FB390 /* ValidParentheses.c */,
				E1CC72C71F4AC58A002FB390 /* ValidParentheses.h */,
				82BCA9092123B67D00F0E794 /* removeNthFromEnd.h */,
				82BCA90A2123B67D00F0E794 /* removeNthFromEnd.c */,
			);
			path = "11-20";
			sourceTree = "<group>";
		};
		E1F17F7C2079B97D003C69D6 /* 21-30 */ = {
			isa = PBXGroup;
			children = (
				E188BE941F4922F6004D0450 /* MergeTwoSortedLists.c */,
				E188BE951F4922F6004D0450 /* MergeTwoSortedLists.h */,
				E13553E8206D4042009C7EFA /* RemoveDuplicates.c */,
				E13553E9206D4042009C7EFA /* RemoveDuplicates.h */,
				E194D8BB206DA25A00B43467 /* RemoveElement.c */,
				E194D8BC206DA25A00B43467 /* RemoveElement.h */,
				E170E2FA206DCDF10062758F /* MyStrStr.c */,
				E170E2FB206DCDF10062758F /* MyStrStr.h */,
			);
			path = "21-30";
			sourceTree = "<group>";
		};
		E1F17F7D2079B987003C69D6 /* 31-40 */ = {
			isa = PBXGroup;
			children = (
				E170E2FD206DD5000062758F /* SearchInsert.c */,
				E170E2FE206DD5000062758F /* SearchInsert.h */,
			);
			path = "31-40";
			sourceTree = "<group>";
		};
		E1F17F7E2079B99A003C69D6 /* 41-50 */ = {
			isa = PBXGroup;
			children = (
			);
			path = "41-50";
			sourceTree = "<group>";
		};
		E1F17F7F2079B9A3003C69D6 /* 51-60 */ = {
			isa = PBXGroup;
			children = (
				E1C6B8FC20767CC3005B2B1A /* MaxSubArray.h */,
				E1C6B8FD20767CC3005B2B1A /* MaxSubArray.c */,
				E1F17F772079AE46003C69D6 /* LengthOfLastWord.h */,
				E1F17F782079AE46003C69D6 /* LengthOfLastWord.c */,
			);
			path = "51-60";
			sourceTree = "<group>";
		};
		E1F17F802079B9A9003C69D6 /* 61-70 */ = {
			isa = PBXGroup;
			children = (
				E1F17F842079BBEE003C69D6 /* PlusOne.h */,
				E1F17F852079BBEE003C69D6 /* PlusOne.c */,
				E1F17F90207B0156003C69D6 /* AddBinary.h */,
				E1F17F91207B0156003C69D6 /* AddBinary.c */,
			);
			path = "61-70";
			sourceTree = "<group>";
		};
		E1F17F812079B9B0003C69D6 /* 71-80 */ = {
			isa = PBXGroup;
			children = (
			);
			path = "71-80";
			sourceTree = "<group>";
		};
/* End PBXGroup section */

/* Begin PBXNativeTarget section */
		E188BDFD1F3A7C25004D0450 /* LeetCode */ = {
			isa = PBXNativeTarget;
			buildConfigurationList = E188BE151F3A7C25004D0450 /* Build configuration list for PBXNativeTarget "LeetCode" */;
			buildPhases = (
				E188BDFA1F3A7C25004D0450 /* Sources */,
				E188BDFB1F3A7C25004D0450 /* Frameworks */,
				E188BDFC1F3A7C25004D0450 /* Resources */,
			);
			buildRules = (
			);
			dependencies = (
			);
			name = LeetCode;
			productName = LeetCode;
			productReference = E188BDFE1F3A7C25004D0450 /* LeetCode.app */;
			productType = "com.apple.product-type.application";
		};
/* End PBXNativeTarget section */

/* Begin PBXProject section */
		E188BDF61F3A7C25004D0450 /* Project object */ = {
			isa = PBXProject;
			attributes = {
				LastUpgradeCheck = 0930;
				ORGANIZATIONNAME = Mxz;
				TargetAttributes = {
					E188BDFD1F3A7C25004D0450 = {
						CreatedOnToolsVersion = 8.3.1;
						ProvisioningStyle = Automatic;
					};
				};
			};
			buildConfigurationList = E188BDF91F3A7C25004D0450 /* Build configuration list for PBXProject "LeetCode" */;
			compatibilityVersion = "Xcode 3.2";
			developmentRegion = English;
			hasScannedForEncodings = 0;
			knownRegions = (
				en,
				Base,
			);
			mainGroup = E188BDF51F3A7C25004D0450;
			productRefGroup = E188BDFF1F3A7C25004D0450 /* Products */;
			projectDirPath = "";
			projectRoot = "";
			targets = (
				E188BDFD1F3A7C25004D0450 /* LeetCode */,
			);
		};
/* End PBXProject section */

/* Begin PBXResourcesBuildPhase section */
		E188BDFC1F3A7C25004D0450 /* Resources */ = {
			isa = PBXResourcesBuildPhase;
			buildActionMask = 2147483647;
			files = (
				E188BE111F3A7C25004D0450 /* LaunchScreen.storyboard in Resources */,
				E188BE0E1F3A7C25004D0450 /* Assets.xcassets in Resources */,
				E11B3FBD207C51420084D2F4 /* README.md in Resources */,
				E188BE0C1F3A7C25004D0450 /* Main.storyboard in Resources */,
			);
			runOnlyForDeploymentPostprocessing = 0;
		};
/* End PBXResourcesBuildPhase section */

/* Begin PBXSourcesBuildPhase section */
		E188BDFA1F3A7C25004D0450 /* Sources */ = {
			isa = PBXSourcesBuildPhase;
			buildActionMask = 2147483647;
			files = (
				E188BE581F3C4A24004D0450 /* WithoutRepeatingCharacters.c in Sources */,
				E188BE6C1F3DA61D004D0450 /* IntegerToRoman.c in Sources */,
				E1CC72CB1F4AD47D002FB390 /* MxCommon.c in Sources */,
				E141994E1F542FD200136735 /* LongestCommonPrefix.c in Sources */,
				4859A2192125C0030028300D /* IsMatch.c in Sources */,
				E194D8BD206DA25A00B43467 /* RemoveElement.c in Sources */,
				E188BE961F4922F6004D0450 /* MergeTwoSortedLists.c in Sources */,
				E188BE521F3C161C004D0450 /* StringToInteger.c in Sources */,
				E188BE611F3CAA9F004D0450 /* PalindromeNumber.c in Sources */,
				E1CC72C81F4AC58A002FB390 /* ValidParentheses.c in Sources */,
				82BCA90B2123B67D00F0E794 /* removeNthFromEnd.c in Sources */,
				82BCA8762121127A00F0E794 /* IsSameTree.c in Sources */,
				E188BE091F3A7C25004D0450 /* ViewController.m in Sources */,
				E1F17F792079AE46003C69D6 /* LengthOfLastWord.c in Sources */,
				E1E62EC1211C9C840027B7CD /* MergeSortedArray.c in Sources */,
				E13553EA206D4042009C7EFA /* RemoveDuplicates.c in Sources */,
				E170E2FC206DCDF10062758F /* MyStrStr.c in Sources */,
				E188BE061F3A7C25004D0450 /* AppDelegate.m in Sources */,
				E188BE551F3C162D004D0450 /* AddTwoNumbers.c in Sources */,
				E1C6B8FE20767CC3005B2B1A /* MaxSubArray.c in Sources */,
				E1F17F92207B0156003C69D6 /* AddBinary.c in Sources */,
				E1F17F862079BBEE003C69D6 /* PlusOne.c in Sources */,
				E170E2FF206DD5000062758F /* SearchInsert.c in Sources */,
				E188BE3E1F3BF8D6004D0450 /* MxFunctionList.m in Sources */,
				4859A21621246CF50028300D /* FindMedianSortedArrays.c in Sources */,
				E188BE031F3A7C25004D0450 /* main.m in Sources */,
				E188BE6F1F3DAAC5004D0450 /* RomanToInteger.c in Sources */,
				E188BE5B1F3C5EBA004D0450 /* LongestPalindromicSubstring.c in Sources */,
				E1E62EBE211C99240027B7CD /* DeleteDuplicates.c in Sources */,
				E188BE641F3CB83D004D0450 /* MostWater.c in Sources */,
				4859A21C2125CAB70028300D /* base64.c in Sources */,
				E188BE5E1F3C7F9D004D0450 /* ReverseInteger.c in Sources */,
			);
			runOnlyForDeploymentPostprocessing = 0;
		};
/* End PBXSourcesBuildPhase section */

/* Begin PBXVariantGroup section */
		E188BE0A1F3A7C25004D0450 /* Main.storyboard */ = {
			isa = PBXVariantGroup;
			children = (
				E188BE0B1F3A7C25004D0450 /* Base */,
			);
			name = Main.storyboard;
			sourceTree = "<group>";
		};
		E188BE0F1F3A7C25004D0450 /* LaunchScreen.storyboard */ = {
			isa = PBXVariantGroup;
			children = (
				E188BE101F3A7C25004D0450 /* Base */,
			);
			name = LaunchScreen.storyboard;
			sourceTree = "<group>";
		};
/* End PBXVariantGroup section */

/* Begin XCBuildConfiguration section */
		E188BE131F3A7C25004D0450 /* Debug */ = {
			isa = XCBuildConfiguration;
			buildSettings = {
				ALWAYS_SEARCH_USER_PATHS = NO;
				CLANG_ANALYZER_NONNULL = YES;
				CLANG_ANALYZER_NUMBER_OBJECT_CONVERSION = YES_AGGRESSIVE;
				CLANG_CXX_LANGUAGE_STANDARD = "gnu++0x";
				CLANG_CXX_LIBRARY = "libc++";
				CLANG_ENABLE_MODULES = YES;
				CLANG_ENABLE_OBJC_ARC = YES;
				CLANG_WARN_BLOCK_CAPTURE_AUTORELEASING = YES;
				CLANG_WARN_BOOL_CONVERSION = YES;
				CLANG_WARN_COMMA = YES;
				CLANG_WARN_CONSTANT_CONVERSION = YES;
				CLANG_WARN_DEPRECATED_OBJC_IMPLEMENTATIONS = YES;
				CLANG_WARN_DIRECT_OBJC_ISA_USAGE = YES_ERROR;
				CLANG_WARN_DOCUMENTATION_COMMENTS = YES;
				CLANG_WARN_EMPTY_BODY = YES;
				CLANG_WARN_ENUM_CONVERSION = YES;
				CLANG_WARN_INFINITE_RECURSION = YES;
				CLANG_WARN_INT_CONVERSION = YES;
				CLANG_WARN_NON_LITERAL_NULL_CONVERSION = YES;
				CLANG_WARN_OBJC_IMPLICIT_RETAIN_SELF = YES;
				CLANG_WARN_OBJC_LITERAL_CONVERSION = YES;
				CLANG_WARN_OBJC_ROOT_CLASS = YES_ERROR;
				CLANG_WARN_RANGE_LOOP_ANALYSIS = YES;
				CLANG_WARN_STRICT_PROTOTYPES = YES;
				CLANG_WARN_SUSPICIOUS_MOVE = YES;
				CLANG_WARN_UNREACHABLE_CODE = YES;
				CLANG_WARN__DUPLICATE_METHOD_MATCH = YES;
				"CODE_SIGN_IDENTITY[sdk=iphoneos*]" = "iPhone Developer";
				COPY_PHASE_STRIP = NO;
				DEBUG_INFORMATION_FORMAT = dwarf;
				ENABLE_STRICT_OBJC_MSGSEND = YES;
				ENABLE_TESTABILITY = YES;
				GCC_C_LANGUAGE_STANDARD = gnu99;
				GCC_DYNAMIC_NO_PIC = NO;
				GCC_NO_COMMON_BLOCKS = YES;
				GCC_OPTIMIZATION_LEVEL = 0;
				GCC_PREPROCESSOR_DEFINITIONS = (
					"DEBUG=1",
					"$(inherited)",
				);
				GCC_WARN_64_TO_32_BIT_CONVERSION = YES;
				GCC_WARN_ABOUT_RETURN_TYPE = YES_ERROR;
				GCC_WARN_UNDECLARED_SELECTOR = YES;
				GCC_WARN_UNINITIALIZED_AUTOS = YES_AGGRESSIVE;
				GCC_WARN_UNUSED_FUNCTION = YES;
				GCC_WARN_UNUSED_VARIABLE = YES;
				IPHONEOS_DEPLOYMENT_TARGET = 10.3;
				MTL_ENABLE_DEBUG_INFO = YES;
				ONLY_ACTIVE_ARCH = YES;
				SDKROOT = iphoneos;
			};
			name = Debug;
		};
		E188BE141F3A7C25004D0450 /* Release */ = {
			isa = XCBuildConfiguration;
			buildSettings = {
				ALWAYS_SEARCH_USER_PATHS = NO;
				CLANG_ANALYZER_NONNULL = YES;
				CLANG_ANALYZER_NUMBER_OBJECT_CONVERSION = YES_AGGRESSIVE;
				CLANG_CXX_LANGUAGE_STANDARD = "gnu++0x";
				CLANG_CXX_LIBRARY = "libc++";
				CLANG_ENABLE_MODULES = YES;
				CLANG_ENABLE_OBJC_ARC = YES;
				CLANG_WARN_BLOCK_CAPTURE_AUTORELEASING = YES;
				CLANG_WARN_BOOL_CONVERSION = YES;
				CLANG_WARN_COMMA = YES;
				CLANG_WARN_CONSTANT_CONVERSION = YES;
				CLANG_WARN_DEPRECATED_OBJC_IMPLEMENTATIONS = YES;
				CLANG_WARN_DIRECT_OBJC_ISA_USAGE = YES_ERROR;
				CLANG_WARN_DOCUMENTATION_COMMENTS = YES;
				CLANG_WARN_EMPTY_BODY = YES;
				CLANG_WARN_ENUM_CONVERSION = YES;
				CLANG_WARN_INFINITE_RECURSION = YES;
				CLANG_WARN_INT_CONVERSION = YES;
				CLANG_WARN_NON_LITERAL_NULL_CONVERSION = YES;
				CLANG_WARN_OBJC_IMPLICIT_RETAIN_SELF = YES;
				CLANG_WARN_OBJC_LITERAL_CONVERSION = YES;
				CLANG_WARN_OBJC_ROOT_CLASS = YES_ERROR;
				CLANG_WARN_RANGE_LOOP_ANALYSIS = YES;
				CLANG_WARN_STRICT_PROTOTYPES = YES;
				CLANG_WARN_SUSPICIOUS_MOVE = YES;
				CLANG_WARN_UNREACHABLE_CODE = YES;
				CLANG_WARN__DUPLICATE_METHOD_MATCH = YES;
				"CODE_SIGN_IDENTITY[sdk=iphoneos*]" = "iPhone Developer";
				COPY_PHASE_STRIP = NO;
				DEBUG_INFORMATION_FORMAT = "dwarf-with-dsym";
				ENABLE_NS_ASSERTIONS = NO;
				ENABLE_STRICT_OBJC_MSGSEND = YES;
				GCC_C_LANGUAGE_STANDARD = gnu99;
				GCC_NO_COMMON_BLOCKS = YES;
				GCC_WARN_64_TO_32_BIT_CONVERSION = YES;
				GCC_WARN_ABOUT_RETURN_TYPE = YES_ERROR;
				GCC_WARN_UNDECLARED_SELECTOR = YES;
				GCC_WARN_UNINITIALIZED_AUTOS = YES_AGGRESSIVE;
				GCC_WARN_UNUSED_FUNCTION = YES;
				GCC_WARN_UNUSED_VARIABLE = YES;
				IPHONEOS_DEPLOYMENT_TARGET = 10.3;
				MTL_ENABLE_DEBUG_INFO = NO;
				SDKROOT = iphoneos;
				VALIDATE_PRODUCT = YES;
			};
			name = Release;
		};
		E188BE161F3A7C25004D0450 /* Debug */ = {
			isa = XCBuildConfiguration;
			buildSettings = {
				ASSETCATALOG_COMPILER_APPICON_NAME = AppIcon;
				INFOPLIST_FILE = LeetCode/Info.plist;
				LD_RUNPATH_SEARCH_PATHS = "$(inherited) @executable_path/Frameworks";
				PRODUCT_BUNDLE_IDENTIFIER = com.mxz.LeetCode;
				PRODUCT_NAME = "$(TARGET_NAME)";
			};
			name = Debug;
		};
		E188BE171F3A7C25004D0450 /* Release */ = {
			isa = XCBuildConfiguration;
			buildSettings = {
				ASSETCATALOG_COMPILER_APPICON_NAME = AppIcon;
				INFOPLIST_FILE = LeetCode/Info.plist;
				LD_RUNPATH_SEARCH_PATHS = "$(inherited) @executable_path/Frameworks";
				PRODUCT_BUNDLE_IDENTIFIER = com.mxz.LeetCode;
				PRODUCT_NAME = "$(TARGET_NAME)";
			};
			name = Release;
		};
/* End XCBuildConfiguration section */

/* Begin XCConfigurationList section */
		E188BDF91F3A7C25004D0450 /* Build configuration list for PBXProject "LeetCode" */ = {
			isa = XCConfigurationList;
			buildConfigurations = (
				E188BE131F3A7C25004D0450 /* Debug */,
				E188BE141F3A7C25004D0450 /* Release */,
			);
			defaultConfigurationIsVisible = 0;
			defaultConfigurationName = Release;
		};
		E188BE151F3A7C25004D0450 /* Build configuration list for PBXNativeTarget "LeetCode" */ = {
			isa = XCConfigurationList;
			buildConfigurations = (
				E188BE161F3A7C25004D0450 /* Debug */,
				E188BE171F3A7C25004D0450 /* Release */,
			);
			defaultConfigurationIsVisible = 0;
			defaultConfigurationName = Release;
		};
/* End XCConfigurationList section */
	};
	rootObject = E188BDF61F3A7C25004D0450 /* Project object */;
}
